
Microsoft Visual Studio Solution File, Format Version 11.00
# Visual Studio 2010
Project("{FAE04EC0-301F-11D3-BF4B-00C04F79EFBC}") = "LApp", "LApp\LApp.csproj", "{47139370-CBDE-4133-95A8-F7C55369B408}"
EndProject
Global
	GlobalSection(SolutionConfigurationPlatforms) = preSolution
		Debug|Any CPU = Debug|Any CPU
		Release|Any CPU = Release|Any CPU
	EndGlobalSection
	GlobalSection(ProjectConfigurationPlatforms) = postSolution
		{47139370-CBDE-4133-95A8-F7C55369B408}.Debug|Any CPU.ActiveCfg = Debug|Any CPU
		{47139370-CBDE-4133-95A8-F7C55369B408}.Debug|Any CPU.Build.0 = Debug|Any CPU
		{47139370-CBDE-4133-95A8-F7C55369B408}.Release|Any CPU.ActiveCfg = Release|Any CPU
		{47139370-CBDE-4133-95A8-F7C55369B408}.Release|Any CPU.Build.0 = Release|Any CPU
	EndGlobalSection
	GlobalSection(SolutionProperties) = preSolution
		HideSolutionNode = FALSE
	EndGlobalSection
EndGlobal
